
Microsoft Visual Studio Solution File, Format Version 12.00
# Visual Studio Version 17
VisualStudioVersion = 17.9.34902.65
MinimumVisualStudioVersion = 10.0.40219.1
Project("{FAE04EC0-301F-11D3-BF4B-00C04F79EFBC}") = "Palindrome_3.3.1", "Palindrome_3.3.1\Palindrome_3.3.1.csproj", "{C5909727-3445-4BD7-B236-876D02154482}"
EndProject
Global
	GlobalSection(SolutionConfigurationPlatforms) = preSolution
		Debug|Any CPU = Debug|Any CPU
		Release|Any CPU = Release|Any CPU
	EndGlobalSection
	GlobalSection(ProjectConfigurationPlatforms) = postSolution
		{C5909727-3445-4BD7-B236-876D02154482}.Debug|Any CPU.ActiveCfg = Debug|Any CPU
		{C5909727-3445-4BD7-B236-876D02154482}.Debug|Any CPU.Build.0 = Debug|Any CPU
		{C5909727-3445-4BD7-B236-876D02154482}.Release|Any CPU.ActiveCfg = Release|Any CPU
		{C5909727-3445-4BD7-B236-876D02154482}.Release|Any CPU.Build.0 = Release|Any CPU
	EndGlobalSection
	GlobalSection(SolutionProperties) = preSolution
		HideSolutionNode = FALSE
	EndGlobalSection
	GlobalSection(ExtensibilityGlobals) = postSolution
		SolutionGuid = {4B080743-B25C-46B7-BDEB-40C5BCFE2284}
	EndGlobalSection
EndGlobal
